<?xml version="1.0" encoding="UTF-8"?>
<!DOCTYPE plist PUBLIC "-//Apple//DTD PLIST 1.0//EN" "http://www.apple.com/DTDs/PropertyList-1.0.dtd">
<plist version="1.0">
<dict>
	<key>archiveVersion</key>
	<string>1</string>
	<key>classes</key>
	<dict/>
	<key>objectVersion</key>
	<string>46</string>
	<key>objects</key>
	<dict>
		<key>09ADB89C3977FCF1F26B8024</key>
		<dict>
			<key>includeInIndex</key>
			<string>1</string>
			<key>isa</key>
			<string>PBXFileReference</string>
			<key>lastKnownFileType</key>
			<string>text.xcconfig</string>
			<key>name</key>
			<string>Pods-RedKitt.release.xcconfig</string>
			<key>path</key>
			<string>Pods/Target Support Files/Pods-RedKitt/Pods-RedKitt.release.xcconfig</string>
			<key>sourceTree</key>
			<string>&lt;group&gt;</string>
		</dict>
		<key>0CC4F3D9F84E83F76B09D9E8</key>
		<dict>
			<key>includeInIndex</key>
			<string>1</string>
			<key>isa</key>
			<string>PBXFileReference</string>
			<key>lastKnownFileType</key>
			<string>text.xcconfig</string>
			<key>name</key>
			<string>Pods-RedKitt.debug.xcconfig</string>
			<key>path</key>
			<string>Pods/Target Support Files/Pods-RedKitt/Pods-RedKitt.debug.xcconfig</string>
			<key>sourceTree</key>
			<string>&lt;group&gt;</string>
		</dict>
		<key>51613CCC3A11A27939E8CB4F</key>
		<dict>
			<key>includeInIndex</key>
			<string>1</string>
			<key>isa</key>
			<string>PBXFileReference</string>
			<key>lastKnownFileType</key>
			<string>text.xcconfig</string>
			<key>name</key>
			<string>Pods-RedKittTests.release.xcconfig</string>
			<key>path</key>
			<string>Pods/Target Support Files/Pods-RedKittTests/Pods-RedKittTests.release.xcconfig</string>
			<key>sourceTree</key>
			<string>&lt;group&gt;</string>
		</dict>
		<key>6F7532C4CB46B42027231270</key>
		<dict>
			<key>buildActionMask</key>
			<string>2147483647</string>
			<key>files</key>
			<array/>
			<key>inputPaths</key>
			<array/>
			<key>isa</key>
			<string>PBXShellScriptBuildPhase</string>
			<key>name</key>
			<string>Copy Pods Resources</string>
			<key>outputPaths</key>
			<array/>
			<key>runOnlyForDeploymentPostprocessing</key>
			<string>0</string>
			<key>shellPath</key>
			<string>/bin/sh</string>
			<key>shellScript</key>
			<string>"${SRCROOT}/Pods/Target Support Files/Pods-RedKitt/Pods-RedKitt-resources.sh"
</string>
			<key>showEnvVarsInLog</key>
			<string>0</string>
		</dict>
		<key>759F27179F68CC0EFC61F68D</key>
		<dict>
			<key>fileRef</key>
			<string>A549F2B7018F17AB800F26AC</string>
			<key>isa</key>
			<string>PBXBuildFile</string>
		</dict>
		<key>8BF888915FD8B06F99B7B9C1</key>
		<dict>
			<key>children</key>
			<array>
				<string>0CC4F3D9F84E83F76B09D9E8</string>
				<string>09ADB89C3977FCF1F26B8024</string>
				<string>DB058533139D50527F4880A0</string>
				<string>51613CCC3A11A27939E8CB4F</string>
			</array>
			<key>isa</key>
			<string>PBXGroup</string>
			<key>name</key>
			<string>Pods</string>
			<key>sourceTree</key>
			<string>&lt;group&gt;</string>
		</dict>
		<key>906446413B69BBE5470C19C0</key>
		<dict>
			<key>buildActionMask</key>
			<string>2147483647</string>
			<key>files</key>
			<array/>
			<key>inputPaths</key>
			<array/>
			<key>isa</key>
			<string>PBXShellScriptBuildPhase</string>
			<key>name</key>
			<string>Copy Pods Resources</string>
			<key>outputPaths</key>
			<array/>
			<key>runOnlyForDeploymentPostprocessing</key>
			<string>0</string>
			<key>shellPath</key>
			<string>/bin/sh</string>
			<key>shellScript</key>
			<string>"${SRCROOT}/Pods/Target Support Files/Pods-RedKittTests/Pods-RedKittTests-resources.sh"
</string>
			<key>showEnvVarsInLog</key>
			<string>0</string>
		</dict>
		<key>A549F2B7018F17AB800F26AC</key>
		<dict>
			<key>explicitFileType</key>
			<string>archive.ar</string>
			<key>includeInIndex</key>
			<string>0</string>
			<key>isa</key>
			<string>PBXFileReference</string>
			<key>path</key>
			<string>libPods-RedKittTests.a</string>
			<key>sourceTree</key>
			<string>BUILT_PRODUCTS_DIR</string>
		</dict>
		<key>AC9E2D9A3ABB5520B8D0F421</key>
		<dict>
			<key>buildActionMask</key>
			<string>2147483647</string>
			<key>files</key>
			<array/>
			<key>inputPaths</key>
			<array/>
			<key>isa</key>
			<string>PBXShellScriptBuildPhase</string>
			<key>name</key>
			<string>Check Pods Manifest.lock</string>
			<key>outputPaths</key>
			<array/>
			<key>runOnlyForDeploymentPostprocessing</key>
			<string>0</string>
			<key>shellPath</key>
			<string>/bin/sh</string>
			<key>shellScript</key>
			<string>diff "${PODS_ROOT}/../Podfile.lock" "${PODS_ROOT}/Manifest.lock" &gt; /dev/null
if [[ $? != 0 ]] ; then
    cat &lt;&lt; EOM
error: The sandbox is not in sync with the Podfile.lock. Run 'pod install' or update your CocoaPods installation.
EOM
    exit 1
fi
</string>
			<key>showEnvVarsInLog</key>
			<string>0</string>
		</dict>
		<key>B454160FA4EBE2C646F3A9A5</key>
		<dict>
			<key>buildActionMask</key>
			<string>2147483647</string>
			<key>files</key>
			<array/>
			<key>inputPaths</key>
			<array/>
			<key>isa</key>
			<string>PBXShellScriptBuildPhase</string>
			<key>name</key>
			<string>Check Pods Manifest.lock</string>
			<key>outputPaths</key>
			<array/>
			<key>runOnlyForDeploymentPostprocessing</key>
			<string>0</string>
			<key>shellPath</key>
			<string>/bin/sh</string>
			<key>shellScript</key>
			<string>diff "${PODS_ROOT}/../Podfile.lock" "${PODS_ROOT}/Manifest.lock" &gt; /dev/null
if [[ $? != 0 ]] ; then
    cat &lt;&lt; EOM
error: The sandbox is not in sync with the Podfile.lock. Run 'pod install' or update your CocoaPods installation.
EOM
    exit 1
fi
</string>
			<key>showEnvVarsInLog</key>
			<string>0</string>
		</dict>
		<key>BBB9A221A2E343D7BBDBD4D1</key>
		<dict>
			<key>explicitFileType</key>
			<string>archive.ar</string>
			<key>includeInIndex</key>
			<string>0</string>
			<key>isa</key>
			<string>PBXFileReference</string>
			<key>path</key>
			<string>libPods-RedKitt.a</string>
			<key>sourceTree</key>
			<string>BUILT_PRODUCTS_DIR</string>
		</dict>
		<key>BCEBE892A4ABA28E3B000C2B</key>
		<dict>
			<key>fileRef</key>
			<string>BBB9A221A2E343D7BBDBD4D1</string>
			<key>isa</key>
			<string>PBXBuildFile</string>
		</dict>
		<key>C1784A781A3C5BEE0034DE48</key>
		<dict>
			<key>children</key>
			<array>
				<string>C1784A831A3C5BEE0034DE48</string>
				<string>C1784A9D1A3C5BEE0034DE48</string>
				<string>C1784AB71A3C5D210034DE48</string>
				<string>C1784ACC1A3C5D210034DE48</string>
				<string>C1784A821A3C5BEE0034DE48</string>
				<string>8BF888915FD8B06F99B7B9C1</string>
				<string>EA3CF6892ECAC279909D3948</string>
			</array>
			<key>isa</key>
			<string>PBXGroup</string>
			<key>sourceTree</key>
			<string>&lt;group&gt;</string>
		</dict>
		<key>C1784A791A3C5BEE0034DE48</key>
		<dict>
			<key>attributes</key>
			<dict>
				<key>LastUpgradeCheck</key>
				<string>0620</string>
				<key>ORGANIZATIONNAME</key>
				<string>Pol Quintana</string>
				<key>TargetAttributes</key>
				<dict>
					<key>C1784A801A3C5BEE0034DE48</key>
					<dict>
						<key>CreatedOnToolsVersion</key>
						<string>6.2</string>
					</dict>
					<key>C1784A991A3C5BEE0034DE48</key>
					<dict>
						<key>CreatedOnToolsVersion</key>
						<string>6.2</string>
						<key>TestTargetID</key>
						<string>C1784A801A3C5BEE0034DE48</string>
					</dict>
					<key>C1784AB51A3C5D210034DE48</key>
					<dict>
						<key>CreatedOnToolsVersion</key>
						<string>6.2</string>
					</dict>
					<key>C1784AC71A3C5D210034DE48</key>
					<dict>
						<key>CreatedOnToolsVersion</key>
						<string>6.2</string>
					</dict>
				</dict>
			</dict>
			<key>buildConfigurationList</key>
			<string>C1784A7C1A3C5BEE0034DE48</string>
			<key>compatibilityVersion</key>
			<string>Xcode 3.2</string>
			<key>developmentRegion</key>
			<string>English</string>
			<key>hasScannedForEncodings</key>
			<string>0</string>
			<key>isa</key>
			<string>PBXProject</string>
			<key>knownRegions</key>
			<array>
				<string>en</string>
				<string>Base</string>
			</array>
			<key>mainGroup</key>
			<string>C1784A781A3C5BEE0034DE48</string>
			<key>productRefGroup</key>
			<string>C1784A821A3C5BEE0034DE48</string>
			<key>projectDirPath</key>
			<string></string>
			<key>projectReferences</key>
			<array/>
			<key>projectRoot</key>
			<string></string>
			<key>targets</key>
			<array>
				<string>C1784A801A3C5BEE0034DE48</string>
				<string>C1784A991A3C5BEE0034DE48</string>
				<string>C1784AB51A3C5D210034DE48</string>
				<string>C1784AC71A3C5D210034DE48</string>
			</array>
		</dict>
		<key>C1784A7C1A3C5BEE0034DE48</key>
		<dict>
			<key>buildConfigurations</key>
			<array>
				<string>C1784AA21A3C5BEE0034DE48</string>
				<string>C1784AA31A3C5BEE0034DE48</string>
			</array>
			<key>defaultConfigurationIsVisible</key>
			<string>0</string>
			<key>defaultConfigurationName</key>
			<string>Release</string>
			<key>isa</key>
			<string>XCConfigurationList</string>
		</dict>
		<key>C1784A7D1A3C5BEE0034DE48</key>
		<dict>
			<key>buildActionMask</key>
			<string>2147483647</string>
			<key>files</key>
			<array>
				<string>C1784AAE1A3C5CF00034DE48</string>
				<string>C1784A8A1A3C5BEE0034DE48</string>
				<string>C1784A871A3C5BEE0034DE48</string>
				<string>C1784AB11A3C5CF90034DE48</string>
			</array>
			<key>isa</key>
			<string>PBXSourcesBuildPhase</string>
			<key>runOnlyForDeploymentPostprocessing</key>
			<string>0</string>
		</dict>
		<key>C1784A7E1A3C5BEE0034DE48</key>
		<dict>
			<key>buildActionMask</key>
			<string>2147483647</string>
			<key>files</key>
			<array>
				<string>BCEBE892A4ABA28E3B000C2B</string>
			</array>
			<key>isa</key>
			<string>PBXFrameworksBuildPhase</string>
			<key>runOnlyForDeploymentPostprocessing</key>
			<string>0</string>
		</dict>
		<key>C1784A7F1A3C5BEE0034DE48</key>
		<dict>
			<key>buildActionMask</key>
			<string>2147483647</string>
			<key>files</key>
			<array>
				<string>C1784A901A3C5BEE0034DE48</string>
				<string>C1784A951A3C5BEE0034DE48</string>
				<string>C1784A921A3C5BEE0034DE48</string>
			</array>
			<key>isa</key>
			<string>PBXResourcesBuildPhase</string>
			<key>runOnlyForDeploymentPostprocessing</key>
			<string>0</string>
		</dict>
		<key>C1784A801A3C5BEE0034DE48</key>
		<dict>
			<key>buildConfigurationList</key>
			<string>C1784AA41A3C5BEE0034DE48</string>
			<key>buildPhases</key>
			<array>
				<string>AC9E2D9A3ABB5520B8D0F421</string>
				<string>C1784A7D1A3C5BEE0034DE48</string>
				<string>C1784A7E1A3C5BEE0034DE48</string>
				<string>C1784A7F1A3C5BEE0034DE48</string>
				<string>C1784ADC1A3C5D210034DE48</string>
				<string>6F7532C4CB46B42027231270</string>
			</array>
			<key>buildRules</key>
			<array/>
			<key>dependencies</key>
			<array>
				<string>C1784AD41A3C5D210034DE48</string>
			</array>
			<key>isa</key>
			<string>PBXNativeTarget</string>
			<key>name</key>
			<string>RedKitt</string>
			<key>productName</key>
			<string>RedKitt</string>
			<key>productReference</key>
			<string>C1784A811A3C5BEE0034DE48</string>
			<key>productType</key>
			<string>com.apple.product-type.application</string>
		</dict>
		<key>C1784A811A3C5BEE0034DE48</key>
		<dict>
			<key>explicitFileType</key>
			<string>wrapper.application</string>
			<key>includeInIndex</key>
			<string>0</string>
			<key>isa</key>
			<string>PBXFileReference</string>
			<key>path</key>
			<string>RedKitt.app</string>
			<key>sourceTree</key>
			<string>BUILT_PRODUCTS_DIR</string>
		</dict>
		<key>C1784A821A3C5BEE0034DE48</key>
		<dict>
			<key>children</key>
			<array>
				<string>C1784A811A3C5BEE0034DE48</string>
				<string>C1784A9A1A3C5BEE0034DE48</string>
				<string>C1784AB61A3C5D210034DE48</string>
				<string>C1784AC81A3C5D210034DE48</string>
			</array>
			<key>isa</key>
			<string>PBXGroup</string>
			<key>name</key>
			<string>Products</string>
			<key>sourceTree</key>
			<string>&lt;group&gt;</string>
		</dict>
		<key>C1784A831A3C5BEE0034DE48</key>
		<dict>
			<key>children</key>
			<array>
				<string>C1784A881A3C5BEE0034DE48</string>
				<string>C1784A891A3C5BEE0034DE48</string>
				<string>C1784AAB1A3C5CC50034DE48</string>
				<string>C1784AAA1A3C5CBE0034DE48</string>
				<string>C1784A911A3C5BEE0034DE48</string>
				<string>C1784A841A3C5BEE0034DE48</string>
			</array>
			<key>isa</key>
			<string>PBXGroup</string>
			<key>path</key>
			<string>RedKitt</string>
			<key>sourceTree</key>
			<string>&lt;group&gt;</string>
		</dict>
		<key>C1784A841A3C5BEE0034DE48</key>
		<dict>
			<key>children</key>
			<array>
				<string>C1784A851A3C5BEE0034DE48</string>
				<string>C1784A861A3C5BEE0034DE48</string>
			</array>
			<key>isa</key>
			<string>PBXGroup</string>
			<key>name</key>
			<string>Supporting Files</string>
			<key>sourceTree</key>
			<string>&lt;group&gt;</string>
		</dict>
		<key>C1784A851A3C5BEE0034DE48</key>
		<dict>
			<key>isa</key>
			<string>PBXFileReference</string>
			<key>lastKnownFileType</key>
			<string>text.plist.xml</string>
			<key>path</key>
			<string>Info.plist</string>
			<key>sourceTree</key>
			<string>&lt;group&gt;</string>
		</dict>
		<key>C1784A861A3C5BEE0034DE48</key>
		<dict>
			<key>isa</key>
			<string>PBXFileReference</string>
			<key>lastKnownFileType</key>
			<string>sourcecode.c.objc</string>
			<key>path</key>
			<string>main.m</string>
			<key>sourceTree</key>
			<string>&lt;group&gt;</string>
		</dict>
		<key>C1784A871A3C5BEE0034DE48</key>
		<dict>
			<key>fileRef</key>
			<string>C1784A861A3C5BEE0034DE48</string>
			<key>isa</key>
			<string>PBXBuildFile</string>
		</dict>
		<key>C1784A881A3C5BEE0034DE48</key>
		<dict>
			<key>isa</key>
			<string>PBXFileReference</string>
			<key>lastKnownFileType</key>
			<string>sourcecode.c.h</string>
			<key>path</key>
			<string>AppDelegate.h</string>
			<key>sourceTree</key>
			<string>&lt;group&gt;</string>
		</dict>
		<key>C1784A891A3C5BEE0034DE48</key>
		<dict>
			<key>isa</key>
			<string>PBXFileReference</string>
			<key>lastKnownFileType</key>
			<string>sourcecode.c.objc</string>
			<key>path</key>
			<string>AppDelegate.m</string>
			<key>sourceTree</key>
			<string>&lt;group&gt;</string>
		</dict>
		<key>C1784A8A1A3C5BEE0034DE48</key>
		<dict>
			<key>fileRef</key>
			<string>C1784A891A3C5BEE0034DE48</string>
			<key>isa</key>
			<string>PBXBuildFile</string>
		</dict>
		<key>C1784A8E1A3C5BEE0034DE48</key>
		<dict>
			<key>children</key>
			<array>
				<string>C1784A8F1A3C5BEE0034DE48</string>
			</array>
			<key>isa</key>
			<string>PBXVariantGroup</string>
			<key>name</key>
			<string>Main.storyboard</string>
			<key>sourceTree</key>
			<string>&lt;group&gt;</string>
		</dict>
		<key>C1784A8F1A3C5BEE0034DE48</key>
		<dict>
			<key>isa</key>
			<string>PBXFileReference</string>
			<key>lastKnownFileType</key>
			<string>file.storyboard</string>
			<key>name</key>
			<string>Base</string>
			<key>path</key>
			<string>Base.lproj/Main.storyboard</string>
			<key>sourceTree</key>
			<string>&lt;group&gt;</string>
		</dict>
		<key>C1784A901A3C5BEE0034DE48</key>
		<dict>
			<key>fileRef</key>
			<string>C1784A8E1A3C5BEE0034DE48</string>
			<key>isa</key>
			<string>PBXBuildFile</string>
		</dict>
		<key>C1784A911A3C5BEE0034DE48</key>
		<dict>
			<key>isa</key>
			<string>PBXFileReference</string>
			<key>lastKnownFileType</key>
			<string>folder.assetcatalog</string>
			<key>path</key>
			<string>Images.xcassets</string>
			<key>sourceTree</key>
			<string>&lt;group&gt;</string>
		</dict>
		<key>C1784A921A3C5BEE0034DE48</key>
		<dict>
			<key>fileRef</key>
			<string>C1784A911A3C5BEE0034DE48</string>
			<key>isa</key>
			<string>PBXBuildFile</string>
		</dict>
		<key>C1784A931A3C5BEE0034DE48</key>
		<dict>
			<key>children</key>
			<array>
				<string>C1784A941A3C5BEE0034DE48</string>
			</array>
			<key>isa</key>
			<string>PBXVariantGroup</string>
			<key>name</key>
			<string>LaunchScreen.xib</string>
			<key>sourceTree</key>
			<string>&lt;group&gt;</string>
		</dict>
		<key>C1784A941A3C5BEE0034DE48</key>
		<dict>
			<key>isa</key>
			<string>PBXFileReference</string>
			<key>lastKnownFileType</key>
			<string>file.xib</string>
			<key>name</key>
			<string>Base</string>
			<key>path</key>
			<string>Base.lproj/LaunchScreen.xib</string>
			<key>sourceTree</key>
			<string>&lt;group&gt;</string>
		</dict>
		<key>C1784A951A3C5BEE0034DE48</key>
		<dict>
			<key>fileRef</key>
			<string>C1784A931A3C5BEE0034DE48</string>
			<key>isa</key>
			<string>PBXBuildFile</string>
		</dict>
		<key>C1784A961A3C5BEE0034DE48</key>
		<dict>
			<key>buildActionMask</key>
			<string>2147483647</string>
			<key>files</key>
			<array>
				<string>C1784AA11A3C5BEE0034DE48</string>
			</array>
			<key>isa</key>
			<string>PBXSourcesBuildPhase</string>
			<key>runOnlyForDeploymentPostprocessing</key>
			<string>0</string>
		</dict>
		<key>C1784A971A3C5BEE0034DE48</key>
		<dict>
			<key>buildActionMask</key>
			<string>2147483647</string>
			<key>files</key>
			<array>
				<string>759F27179F68CC0EFC61F68D</string>
			</array>
			<key>isa</key>
			<string>PBXFrameworksBuildPhase</string>
			<key>runOnlyForDeploymentPostprocessing</key>
			<string>0</string>
		</dict>
		<key>C1784A981A3C5BEE0034DE48</key>
		<dict>
			<key>buildActionMask</key>
			<string>2147483647</string>
			<key>files</key>
			<array/>
			<key>isa</key>
			<string>PBXResourcesBuildPhase</string>
			<key>runOnlyForDeploymentPostprocessing</key>
			<string>0</string>
		</dict>
		<key>C1784A991A3C5BEE0034DE48</key>
		<dict>
			<key>buildConfigurationList</key>
			<string>C1784AA71A3C5BEE0034DE48</string>
			<key>buildPhases</key>
			<array>
				<string>B454160FA4EBE2C646F3A9A5</string>
				<string>C1784A961A3C5BEE0034DE48</string>
				<string>C1784A971A3C5BEE0034DE48</string>
				<string>C1784A981A3C5BEE0034DE48</string>
				<string>906446413B69BBE5470C19C0</string>
			</array>
			<key>buildRules</key>
			<array/>
			<key>dependencies</key>
			<array>
				<string>C1784A9C1A3C5BEE0034DE48</string>
			</array>
			<key>isa</key>
			<string>PBXNativeTarget</string>
			<key>name</key>
			<string>RedKittTests</string>
			<key>productName</key>
			<string>RedKittTests</string>
			<key>productReference</key>
			<string>C1784A9A1A3C5BEE0034DE48</string>
			<key>productType</key>
			<string>com.apple.product-type.bundle.unit-test</string>
		</dict>
		<key>C1784A9A1A3C5BEE0034DE48</key>
		<dict>
			<key>explicitFileType</key>
			<string>wrapper.cfbundle</string>
			<key>includeInIndex</key>
			<string>0</string>
			<key>isa</key>
			<string>PBXFileReference</string>
			<key>path</key>
			<string>RedKittTests.xctest</string>
			<key>sourceTree</key>
			<string>BUILT_PRODUCTS_DIR</string>
		</dict>
		<key>C1784A9B1A3C5BEE0034DE48</key>
		<dict>
			<key>containerPortal</key>
			<string>C1784A791A3C5BEE0034DE48</string>
			<key>isa</key>
			<string>PBXContainerItemProxy</string>
			<key>proxyType</key>
			<string>1</string>
			<key>remoteGlobalIDString</key>
			<string>C1784A801A3C5BEE0034DE48</string>
			<key>remoteInfo</key>
			<string>RedKitt</string>
		</dict>
		<key>C1784A9C1A3C5BEE0034DE48</key>
		<dict>
			<key>isa</key>
			<string>PBXTargetDependency</string>
			<key>target</key>
			<string>C1784A801A3C5BEE0034DE48</string>
			<key>targetProxy</key>
			<string>C1784A9B1A3C5BEE0034DE48</string>
		</dict>
		<key>C1784A9D1A3C5BEE0034DE48</key>
		<dict>
			<key>children</key>
			<array>
				<string>C1784AA01A3C5BEE0034DE48</string>
				<string>C1784A9E1A3C5BEE0034DE48</string>
			</array>
			<key>isa</key>
			<string>PBXGroup</string>
			<key>path</key>
			<string>RedKittTests</string>
			<key>sourceTree</key>
			<string>&lt;group&gt;</string>
		</dict>
		<key>C1784A9E1A3C5BEE0034DE48</key>
		<dict>
			<key>children</key>
			<array>
				<string>C1784A9F1A3C5BEE0034DE48</string>
			</array>
			<key>isa</key>
			<string>PBXGroup</string>
			<key>name</key>
			<string>Supporting Files</string>
			<key>sourceTree</key>
			<string>&lt;group&gt;</string>
		</dict>
		<key>C1784A9F1A3C5BEE0034DE48</key>
		<dict>
			<key>isa</key>
			<string>PBXFileReference</string>
			<key>lastKnownFileType</key>
			<string>text.plist.xml</string>
			<key>path</key>
			<string>Info.plist</string>
			<key>sourceTree</key>
			<string>&lt;group&gt;</string>
		</dict>
		<key>C1784AA01A3C5BEE0034DE48</key>
		<dict>
			<key>isa</key>
			<string>PBXFileReference</string>
			<key>lastKnownFileType</key>
			<string>sourcecode.c.objc</string>
			<key>path</key>
			<string>RedKittTests.m</string>
			<key>sourceTree</key>
			<string>&lt;group&gt;</string>
		</dict>
		<key>C1784AA11A3C5BEE0034DE48</key>
		<dict>
			<key>fileRef</key>
			<string>C1784AA01A3C5BEE0034DE48</string>
			<key>isa</key>
			<string>PBXBuildFile</string>
		</dict>
		<key>C1784AA21A3C5BEE0034DE48</key>
		<dict>
			<key>buildSettings</key>
			<dict>
				<key>ALWAYS_SEARCH_USER_PATHS</key>
				<string>NO</string>
				<key>CLANG_CXX_LANGUAGE_STANDARD</key>
				<string>gnu++0x</string>
				<key>CLANG_CXX_LIBRARY</key>
				<string>libc++</string>
				<key>CLANG_ENABLE_MODULES</key>
				<string>YES</string>
				<key>CLANG_ENABLE_OBJC_ARC</key>
				<string>YES</string>
				<key>CLANG_WARN_BOOL_CONVERSION</key>
				<string>YES</string>
				<key>CLANG_WARN_CONSTANT_CONVERSION</key>
				<string>YES</string>
				<key>CLANG_WARN_DIRECT_OBJC_ISA_USAGE</key>
				<string>YES_ERROR</string>
				<key>CLANG_WARN_EMPTY_BODY</key>
				<string>YES</string>
				<key>CLANG_WARN_ENUM_CONVERSION</key>
				<string>YES</string>
				<key>CLANG_WARN_INT_CONVERSION</key>
				<string>YES</string>
				<key>CLANG_WARN_OBJC_ROOT_CLASS</key>
				<string>YES_ERROR</string>
				<key>CLANG_WARN_UNREACHABLE_CODE</key>
				<string>YES</string>
				<key>CLANG_WARN__DUPLICATE_METHOD_MATCH</key>
				<string>YES</string>
				<key>CODE_SIGN_IDENTITY[sdk=iphoneos*]</key>
				<string>iPhone Developer</string>
				<key>COPY_PHASE_STRIP</key>
				<string>NO</string>
				<key>ENABLE_STRICT_OBJC_MSGSEND</key>
				<string>YES</string>
				<key>GCC_C_LANGUAGE_STANDARD</key>
				<string>gnu99</string>
				<key>GCC_DYNAMIC_NO_PIC</key>
				<string>NO</string>
				<key>GCC_OPTIMIZATION_LEVEL</key>
				<string>0</string>
				<key>GCC_PREPROCESSOR_DEFINITIONS</key>
				<array>
					<string>DEBUG=1</string>
					<string>$(inherited)</string>
				</array>
				<key>GCC_SYMBOLS_PRIVATE_EXTERN</key>
				<string>NO</string>
				<key>GCC_WARN_64_TO_32_BIT_CONVERSION</key>
				<string>YES</string>
				<key>GCC_WARN_ABOUT_RETURN_TYPE</key>
				<string>YES_ERROR</string>
				<key>GCC_WARN_UNDECLARED_SELECTOR</key>
				<string>YES</string>
				<key>GCC_WARN_UNINITIALIZED_AUTOS</key>
				<string>YES_AGGRESSIVE</string>
				<key>GCC_WARN_UNUSED_FUNCTION</key>
				<string>YES</string>
				<key>GCC_WARN_UNUSED_VARIABLE</key>
				<string>YES</string>
				<key>IPHONEOS_DEPLOYMENT_TARGET</key>
				<string>8.2</string>
				<key>MTL_ENABLE_DEBUG_INFO</key>
				<string>YES</string>
				<key>ONLY_ACTIVE_ARCH</key>
				<string>YES</string>
				<key>SDKROOT</key>
				<string>iphoneos</string>
				<key>TARGETED_DEVICE_FAMILY</key>
				<string>1,2</string>
			</dict>
			<key>isa</key>
			<string>XCBuildConfiguration</string>
			<key>name</key>
			<string>Debug</string>
		</dict>
		<key>C1784AA31A3C5BEE0034DE48</key>
		<dict>
			<key>buildSettings</key>
			<dict>
				<key>ALWAYS_SEARCH_USER_PATHS</key>
				<string>NO</string>
				<key>CLANG_CXX_LANGUAGE_STANDARD</key>
				<string>gnu++0x</string>
				<key>CLANG_CXX_LIBRARY</key>
				<string>libc++</string>
				<key>CLANG_ENABLE_MODULES</key>
				<string>YES</string>
				<key>CLANG_ENABLE_OBJC_ARC</key>
				<string>YES</string>
				<key>CLANG_WARN_BOOL_CONVERSION</key>
				<string>YES</string>
				<key>CLANG_WARN_CONSTANT_CONVERSION</key>
				<string>YES</string>
				<key>CLANG_WARN_DIRECT_OBJC_ISA_USAGE</key>
				<string>YES_ERROR</string>
				<key>CLANG_WARN_EMPTY_BODY</key>
				<string>YES</string>
				<key>CLANG_WARN_ENUM_CONVERSION</key>
				<string>YES</string>
				<key>CLANG_WARN_INT_CONVERSION</key>
				<string>YES</string>
				<key>CLANG_WARN_OBJC_ROOT_CLASS</key>
				<string>YES_ERROR</string>
				<key>CLANG_WARN_UNREACHABLE_CODE</key>
				<string>YES</string>
				<key>CLANG_WARN__DUPLICATE_METHOD_MATCH</key>
				<string>YES</string>
				<key>CODE_SIGN_IDENTITY[sdk=iphoneos*]</key>
				<string>iPhone Developer</string>
				<key>COPY_PHASE_STRIP</key>
				<string>YES</string>
				<key>ENABLE_NS_ASSERTIONS</key>
				<string>NO</string>
				<key>ENABLE_STRICT_OBJC_MSGSEND</key>
				<string>YES</string>
				<key>GCC_C_LANGUAGE_STANDARD</key>
				<string>gnu99</string>
				<key>GCC_WARN_64_TO_32_BIT_CONVERSION</key>
				<string>YES</string>
				<key>GCC_WARN_ABOUT_RETURN_TYPE</key>
				<string>YES_ERROR</string>
				<key>GCC_WARN_UNDECLARED_SELECTOR</key>
				<string>YES</string>
				<key>GCC_WARN_UNINITIALIZED_AUTOS</key>
				<string>YES_AGGRESSIVE</string>
				<key>GCC_WARN_UNUSED_FUNCTION</key>
				<string>YES</string>
				<key>GCC_WARN_UNUSED_VARIABLE</key>
				<string>YES</string>
				<key>IPHONEOS_DEPLOYMENT_TARGET</key>
				<string>8.2</string>
				<key>MTL_ENABLE_DEBUG_INFO</key>
				<string>NO</string>
				<key>SDKROOT</key>
				<string>iphoneos</string>
				<key>TARGETED_DEVICE_FAMILY</key>
				<string>1,2</string>
				<key>VALIDATE_PRODUCT</key>
				<string>YES</string>
			</dict>
			<key>isa</key>
			<string>XCBuildConfiguration</string>
			<key>name</key>
			<string>Release</string>
		</dict>
		<key>C1784AA41A3C5BEE0034DE48</key>
		<dict>
			<key>buildConfigurations</key>
			<array>
				<string>C1784AA51A3C5BEE0034DE48</string>
				<string>C1784AA61A3C5BEE0034DE48</string>
			</array>
			<key>defaultConfigurationIsVisible</key>
			<string>0</string>
			<key>isa</key>
			<string>XCConfigurationList</string>
		</dict>
		<key>C1784AA51A3C5BEE0034DE48</key>
		<dict>
			<key>baseConfigurationReference</key>
			<string>0CC4F3D9F84E83F76B09D9E8</string>
			<key>buildSettings</key>
			<dict>
				<key>ASSETCATALOG_COMPILER_APPICON_NAME</key>
				<string>AppIcon</string>
				<key>INFOPLIST_FILE</key>
				<string>RedKitt/Info.plist</string>
				<key>LD_RUNPATH_SEARCH_PATHS</key>
				<string>$(inherited) @executable_path/Frameworks</string>
				<key>PRODUCT_NAME</key>
				<string>$(TARGET_NAME)</string>
			</dict>
			<key>isa</key>
			<string>XCBuildConfiguration</string>
			<key>name</key>
			<string>Debug</string>
		</dict>
		<key>C1784AA61A3C5BEE0034DE48</key>
		<dict>
			<key>baseConfigurationReference</key>
			<string>09ADB89C3977FCF1F26B8024</string>
			<key>buildSettings</key>
			<dict>
				<key>ASSETCATALOG_COMPILER_APPICON_NAME</key>
				<string>AppIcon</string>
				<key>INFOPLIST_FILE</key>
				<string>RedKitt/Info.plist</string>
				<key>LD_RUNPATH_SEARCH_PATHS</key>
				<string>$(inherited) @executable_path/Frameworks</string>
				<key>PRODUCT_NAME</key>
				<string>$(TARGET_NAME)</string>
			</dict>
			<key>isa</key>
			<string>XCBuildConfiguration</string>
			<key>name</key>
			<string>Release</string>
		</dict>
		<key>C1784AA71A3C5BEE0034DE48</key>
		<dict>
			<key>buildConfigurations</key>
			<array>
				<string>C1784AA81A3C5BEE0034DE48</string>
				<string>C1784AA91A3C5BEE0034DE48</string>
			</array>
			<key>defaultConfigurationIsVisible</key>
			<string>0</string>
			<key>isa</key>
			<string>XCConfigurationList</string>
		</dict>
		<key>C1784AA81A3C5BEE0034DE48</key>
		<dict>
			<key>baseConfigurationReference</key>
			<string>DB058533139D50527F4880A0</string>
			<key>buildSettings</key>
			<dict>
				<key>BUNDLE_LOADER</key>
				<string>$(TEST_HOST)</string>
				<key>FRAMEWORK_SEARCH_PATHS</key>
				<array>
					<string>$(SDKROOT)/Developer/Library/Frameworks</string>
					<string>$(inherited)</string>
				</array>
				<key>GCC_PREPROCESSOR_DEFINITIONS</key>
				<array>
					<string>DEBUG=1</string>
					<string>$(inherited)</string>
				</array>
				<key>INFOPLIST_FILE</key>
				<string>RedKittTests/Info.plist</string>
				<key>LD_RUNPATH_SEARCH_PATHS</key>
				<string>$(inherited) @executable_path/Frameworks @loader_path/Frameworks</string>
				<key>PRODUCT_NAME</key>
				<string>$(TARGET_NAME)</string>
				<key>TEST_HOST</key>
				<string>$(BUILT_PRODUCTS_DIR)/RedKitt.app/RedKitt</string>
			</dict>
			<key>isa</key>
			<string>XCBuildConfiguration</string>
			<key>name</key>
			<string>Debug</string>
		</dict>
		<key>C1784AA91A3C5BEE0034DE48</key>
		<dict>
			<key>baseConfigurationReference</key>
			<string>51613CCC3A11A27939E8CB4F</string>
			<key>buildSettings</key>
			<dict>
				<key>BUNDLE_LOADER</key>
				<string>$(TEST_HOST)</string>
				<key>FRAMEWORK_SEARCH_PATHS</key>
				<array>
					<string>$(SDKROOT)/Developer/Library/Frameworks</string>
					<string>$(inherited)</string>
				</array>
				<key>INFOPLIST_FILE</key>
				<string>RedKittTests/Info.plist</string>
				<key>LD_RUNPATH_SEARCH_PATHS</key>
				<string>$(inherited) @executable_path/Frameworks @loader_path/Frameworks</string>
				<key>PRODUCT_NAME</key>
				<string>$(TARGET_NAME)</string>
				<key>TEST_HOST</key>
				<string>$(BUILT_PRODUCTS_DIR)/RedKitt.app/RedKitt</string>
			</dict>
			<key>isa</key>
			<string>XCBuildConfiguration</string>
			<key>name</key>
			<string>Release</string>
		</dict>
		<key>C1784AAA1A3C5CBE0034DE48</key>
		<dict>
			<key>children</key>
			<array>
				<string>C1784A8E1A3C5BEE0034DE48</string>
				<string>C1784A931A3C5BEE0034DE48</string>
			</array>
			<key>isa</key>
			<string>PBXGroup</string>
			<key>name</key>
			<string>View</string>
			<key>sourceTree</key>
			<string>&lt;group&gt;</string>
		</dict>
		<key>C1784AAB1A3C5CC50034DE48</key>
		<dict>
			<key>children</key>
			<array>
				<string>C1784AAC1A3C5CF00034DE48</string>
				<string>C1784AAD1A3C5CF00034DE48</string>
				<string>C1784AAF1A3C5CF90034DE48</string>
				<string>C1784AB01A3C5CF90034DE48</string>
			</array>
			<key>isa</key>
			<string>PBXGroup</string>
			<key>name</key>
			<string>Controller</string>
			<key>path</key>
			<string>..</string>
			<key>sourceTree</key>
			<string>&lt;group&gt;</string>
		</dict>
		<key>C1784AAC1A3C5CF00034DE48</key>
		<dict>
			<key>fileEncoding</key>
			<string>4</string>
			<key>isa</key>
			<string>PBXFileReference</string>
			<key>lastKnownFileType</key>
			<string>sourcecode.c.h</string>
			<key>path</key>
			<string>StartViewController.h</string>
			<key>sourceTree</key>
			<string>&lt;group&gt;</string>
		</dict>
		<key>C1784AAD1A3C5CF00034DE48</key>
		<dict>
			<key>fileEncoding</key>
			<string>4</string>
			<key>isa</key>
			<string>PBXFileReference</string>
			<key>lastKnownFileType</key>
			<string>sourcecode.c.objc</string>
			<key>path</key>
			<string>StartViewController.m</string>
			<key>sourceTree</key>
			<string>&lt;group&gt;</string>
		</dict>
		<key>C1784AAE1A3C5CF00034DE48</key>
		<dict>
			<key>fileRef</key>
			<string>C1784AAD1A3C5CF00034DE48</string>
			<key>isa</key>
			<string>PBXBuildFile</string>
		</dict>
		<key>C1784AAF1A3C5CF90034DE48</key>
		<dict>
			<key>fileEncoding</key>
			<string>4</string>
			<key>isa</key>
			<string>PBXFileReference</string>
			<key>lastKnownFileType</key>
			<string>sourcecode.c.h</string>
			<key>path</key>
			<string>WebViewController.h</string>
			<key>sourceTree</key>
			<string>&lt;group&gt;</string>
		</dict>
		<key>C1784AB01A3C5CF90034DE48</key>
		<dict>
			<key>fileEncoding</key>
			<string>4</string>
			<key>isa</key>
			<string>PBXFileReference</string>
			<key>lastKnownFileType</key>
			<string>sourcecode.c.objc</string>
			<key>path</key>
			<string>WebViewController.m</string>
			<key>sourceTree</key>
			<string>&lt;group&gt;</string>
		</dict>
		<key>C1784AB11A3C5CF90034DE48</key>
		<dict>
			<key>fileRef</key>
			<string>C1784AB01A3C5CF90034DE48</string>
			<key>isa</key>
			<string>PBXBuildFile</string>
		</dict>
		<key>C1784AB21A3C5D210034DE48</key>
		<dict>
			<key>buildActionMask</key>
			<string>2147483647</string>
			<key>files</key>
			<array>
				<string>C1784AC01A3C5D210034DE48</string>
				<string>C1784ABD1A3C5D210034DE48</string>
				<string>C1784AC31A3C5D210034DE48</string>
			</array>
			<key>isa</key>
			<string>PBXSourcesBuildPhase</string>
			<key>runOnlyForDeploymentPostprocessing</key>
			<string>0</string>
		</dict>
		<key>C1784AB31A3C5D210034DE48</key>
		<dict>
			<key>buildActionMask</key>
			<string>2147483647</string>
			<key>files</key>
			<array/>
			<key>isa</key>
			<string>PBXFrameworksBuildPhase</string>
			<key>runOnlyForDeploymentPostprocessing</key>
			<string>0</string>
		</dict>
		<key>C1784AB41A3C5D210034DE48</key>
		<dict>
			<key>buildActionMask</key>
			<string>2147483647</string>
			<key>files</key>
			<array>
				<string>C1784AC91A3C5D210034DE48</string>
				<string>C1784AC51A3C5D210034DE48</string>
			</array>
			<key>isa</key>
			<string>PBXResourcesBuildPhase</string>
			<key>runOnlyForDeploymentPostprocessing</key>
			<string>0</string>
		</dict>
		<key>C1784AB51A3C5D210034DE48</key>
		<dict>
			<key>buildConfigurationList</key>
			<string>C1784AD91A3C5D210034DE48</string>
			<key>buildPhases</key>
			<array>
				<string>C1784AB21A3C5D210034DE48</string>
				<string>C1784AB31A3C5D210034DE48</string>
				<string>C1784AB41A3C5D210034DE48</string>
			</array>
			<key>buildRules</key>
			<array/>
			<key>dependencies</key>
			<array>
				<string>C1784ACB1A3C5D210034DE48</string>
			</array>
			<key>isa</key>
			<string>PBXNativeTarget</string>
			<key>name</key>
			<string>RedKitt WatchKit Extension</string>
			<key>productName</key>
			<string>RedKitt WatchKit Extension</string>
			<key>productReference</key>
			<string>C1784AB61A3C5D210034DE48</string>
			<key>productType</key>
			<string>com.apple.product-type.watchkit-extension</string>
		</dict>
		<key>C1784AB61A3C5D210034DE48</key>
		<dict>
			<key>explicitFileType</key>
			<string>wrapper.app-extension</string>
			<key>includeInIndex</key>
			<string>0</string>
			<key>isa</key>
			<string>PBXFileReference</string>
			<key>path</key>
			<string>RedKitt WatchKit Extension.appex</string>
			<key>sourceTree</key>
			<string>BUILT_PRODUCTS_DIR</string>
		</dict>
		<key>C1784AB71A3C5D210034DE48</key>
		<dict>
			<key>children</key>
			<array>
				<string>C1784ABB1A3C5D210034DE48</string>
				<string>C1784ABC1A3C5D210034DE48</string>
				<string>C1784ABE1A3C5D210034DE48</string>
				<string>C1784ABF1A3C5D210034DE48</string>
				<string>C1784AC11A3C5D210034DE48</string>
				<string>C1784AC21A3C5D210034DE48</string>
				<string>C1784AC41A3C5D210034DE48</string>
				<string>C1784AB81A3C5D210034DE48</string>
			</array>
			<key>isa</key>
			<string>PBXGroup</string>
			<key>path</key>
			<string>RedKitt WatchKit Extension</string>
			<key>sourceTree</key>
			<string>&lt;group&gt;</string>
		</dict>
		<key>C1784AB81A3C5D210034DE48</key>
		<dict>
			<key>children</key>
			<array>
				<string>C1784AB91A3C5D210034DE48</string>
				<string>C1784ABA1A3C5D210034DE48</string>
			</array>
			<key>isa</key>
			<string>PBXGroup</string>
			<key>name</key>
			<string>Supporting Files</string>
			<key>sourceTree</key>
			<string>&lt;group&gt;</string>
		</dict>
		<key>C1784AB91A3C5D210034DE48</key>
		<dict>
			<key>isa</key>
			<string>PBXFileReference</string>
			<key>lastKnownFileType</key>
			<string>text.plist.xml</string>
			<key>path</key>
			<string>Info.plist</string>
			<key>sourceTree</key>
			<string>&lt;group&gt;</string>
		</dict>
		<key>C1784ABA1A3C5D210034DE48</key>
		<dict>
			<key>isa</key>
			<string>PBXFileReference</string>
			<key>lastKnownFileType</key>
			<string>text</string>
			<key>path</key>
			<string>PushNotificationPayload.apns</string>
			<key>sourceTree</key>
			<string>&lt;group&gt;</string>
		</dict>
		<key>C1784ABB1A3C5D210034DE48</key>
		<dict>
			<key>isa</key>
			<string>PBXFileReference</string>
			<key>lastKnownFileType</key>
			<string>sourcecode.c.h</string>
			<key>path</key>
			<string>InterfaceController.h</string>
			<key>sourceTree</key>
			<string>&lt;group&gt;</string>
		</dict>
		<key>C1784ABC1A3C5D210034DE48</key>
		<dict>
			<key>isa</key>
			<string>PBXFileReference</string>
			<key>lastKnownFileType</key>
			<string>sourcecode.c.objc</string>
			<key>path</key>
			<string>InterfaceController.m</string>
			<key>sourceTree</key>
			<string>&lt;group&gt;</string>
		</dict>
		<key>C1784ABD1A3C5D210034DE48</key>
		<dict>
			<key>fileRef</key>
			<string>C1784ABC1A3C5D210034DE48</string>
			<key>isa</key>
			<string>PBXBuildFile</string>
		</dict>
		<key>C1784ABE1A3C5D210034DE48</key>
		<dict>
			<key>isa</key>
			<string>PBXFileReference</string>
			<key>lastKnownFileType</key>
			<string>sourcecode.c.h</string>
			<key>path</key>
			<string>NotificationController.h</string>
			<key>sourceTree</key>
			<string>&lt;group&gt;</string>
		</dict>
		<key>C1784ABF1A3C5D210034DE48</key>
		<dict>
			<key>isa</key>
			<string>PBXFileReference</string>
			<key>lastKnownFileType</key>
			<string>sourcecode.c.objc</string>
			<key>path</key>
			<string>NotificationController.m</string>
			<key>sourceTree</key>
			<string>&lt;group&gt;</string>
		</dict>
		<key>C1784AC01A3C5D210034DE48</key>
		<dict>
			<key>fileRef</key>
			<string>C1784ABF1A3C5D210034DE48</string>
			<key>isa</key>
			<string>PBXBuildFile</string>
		</dict>
		<key>C1784AC11A3C5D210034DE48</key>
		<dict>
			<key>isa</key>
			<string>PBXFileReference</string>
			<key>lastKnownFileType</key>
			<string>sourcecode.c.h</string>
			<key>path</key>
			<string>GlanceController.h</string>
			<key>sourceTree</key>
			<string>&lt;group&gt;</string>
		</dict>
		<key>C1784AC21A3C5D210034DE48</key>
		<dict>
			<key>isa</key>
			<string>PBXFileReference</string>
			<key>lastKnownFileType</key>
			<string>sourcecode.c.objc</string>
			<key>path</key>
			<string>GlanceController.m</string>
			<key>sourceTree</key>
			<string>&lt;group&gt;</string>
		</dict>
		<key>C1784AC31A3C5D210034DE48</key>
		<dict>
			<key>fileRef</key>
			<string>C1784AC21A3C5D210034DE48</string>
			<key>isa</key>
			<string>PBXBuildFile</string>
		</dict>
		<key>C1784AC41A3C5D210034DE48</key>
		<dict>
			<key>isa</key>
			<string>PBXFileReference</string>
			<key>lastKnownFileType</key>
			<string>folder.assetcatalog</string>
			<key>path</key>
			<string>Images.xcassets</string>
			<key>sourceTree</key>
			<string>&lt;group&gt;</string>
		</dict>
		<key>C1784AC51A3C5D210034DE48</key>
		<dict>
			<key>fileRef</key>
			<string>C1784AC41A3C5D210034DE48</string>
			<key>isa</key>
			<string>PBXBuildFile</string>
		</dict>
		<key>C1784AC61A3C5D210034DE48</key>
		<dict>
			<key>buildActionMask</key>
			<string>2147483647</string>
			<key>files</key>
			<array>
				<string>C1784AD01A3C5D210034DE48</string>
				<string>C1784AD21A3C5D210034DE48</string>
			</array>
			<key>isa</key>
			<string>PBXResourcesBuildPhase</string>
			<key>runOnlyForDeploymentPostprocessing</key>
			<string>0</string>
		</dict>
		<key>C1784AC71A3C5D210034DE48</key>
		<dict>
			<key>buildConfigurationList</key>
			<string>C1784AD61A3C5D210034DE48</string>
			<key>buildPhases</key>
			<array>
				<string>C1784AC61A3C5D210034DE48</string>
			</array>
			<key>buildRules</key>
			<array/>
			<key>dependencies</key>
			<array/>
			<key>isa</key>
			<string>PBXNativeTarget</string>
			<key>name</key>
			<string>RedKitt WatchKit App</string>
			<key>productName</key>
			<string>RedKitt WatchKit App</string>
			<key>productReference</key>
			<string>C1784AC81A3C5D210034DE48</string>
			<key>productType</key>
			<string>com.apple.product-type.application.watchapp</string>
		</dict>
		<key>C1784AC81A3C5D210034DE48</key>
		<dict>
			<key>explicitFileType</key>
			<string>wrapper.application</string>
			<key>includeInIndex</key>
			<string>0</string>
			<key>isa</key>
			<string>PBXFileReference</string>
			<key>path</key>
			<string>RedKitt WatchKit App.app</string>
			<key>sourceTree</key>
			<string>BUILT_PRODUCTS_DIR</string>
		</dict>
		<key>C1784AC91A3C5D210034DE48</key>
		<dict>
			<key>fileRef</key>
			<string>C1784AC81A3C5D210034DE48</string>
			<key>isa</key>
			<string>PBXBuildFile</string>
		</dict>
		<key>C1784ACA1A3C5D210034DE48</key>
		<dict>
			<key>containerPortal</key>
			<string>C1784A791A3C5BEE0034DE48</string>
			<key>isa</key>
			<string>PBXContainerItemProxy</string>
			<key>proxyType</key>
			<string>1</string>
			<key>remoteGlobalIDString</key>
			<string>C1784AC71A3C5D210034DE48</string>
			<key>remoteInfo</key>
			<string>RedKitt WatchKit App</string>
		</dict>
		<key>C1784ACB1A3C5D210034DE48</key>
		<dict>
			<key>isa</key>
			<string>PBXTargetDependency</string>
			<key>target</key>
			<string>C1784AC71A3C5D210034DE48</string>
			<key>targetProxy</key>
			<string>C1784ACA1A3C5D210034DE48</string>
		</dict>
		<key>C1784ACC1A3C5D210034DE48</key>
		<dict>
			<key>children</key>
			<array>
				<string>C1784ACF1A3C5D210034DE48</string>
				<string>C1784AD11A3C5D210034DE48</string>
				<string>C1784ACD1A3C5D210034DE48</string>
			</array>
			<key>isa</key>
			<string>PBXGroup</string>
			<key>path</key>
			<string>RedKitt WatchKit App</string>
			<key>sourceTree</key>
			<string>&lt;group&gt;</string>
		</dict>
		<key>C1784ACD1A3C5D210034DE48</key>
		<dict>
			<key>children</key>
			<array>
				<string>C1784ACE1A3C5D210034DE48</string>
			</array>
			<key>isa</key>
			<string>PBXGroup</string>
			<key>name</key>
			<string>Supporting Files</string>
			<key>sourceTree</key>
			<string>&lt;group&gt;</string>
		</dict>
		<key>C1784ACE1A3C5D210034DE48</key>
		<dict>
			<key>isa</key>
			<string>PBXFileReference</string>
			<key>lastKnownFileType</key>
			<string>text.plist.xml</string>
			<key>path</key>
			<string>Info.plist</string>
			<key>sourceTree</key>
			<string>&lt;group&gt;</string>
		</dict>
		<key>C1784ACF1A3C5D210034DE48</key>
		<dict>
			<key>isa</key>
			<string>PBXFileReference</string>
			<key>lastKnownFileType</key>
			<string>file.storyboard</string>
			<key>path</key>
			<string>Interface.storyboard</string>
			<key>sourceTree</key>
			<string>&lt;group&gt;</string>
		</dict>
		<key>C1784AD01A3C5D210034DE48</key>
		<dict>
			<key>fileRef</key>
			<string>C1784ACF1A3C5D210034DE48</string>
			<key>isa</key>
			<string>PBXBuildFile</string>
		</dict>
		<key>C1784AD11A3C5D210034DE48</key>
		<dict>
			<key>isa</key>
			<string>PBXFileReference</string>
			<key>lastKnownFileType</key>
			<string>folder.assetcatalog</string>
			<key>path</key>
			<string>Images.xcassets</string>
			<key>sourceTree</key>
			<string>&lt;group&gt;</string>
		</dict>
		<key>C1784AD21A3C5D210034DE48</key>
		<dict>
			<key>fileRef</key>
			<string>C1784AD11A3C5D210034DE48</string>
			<key>isa</key>
			<string>PBXBuildFile</string>
		</dict>
		<key>C1784AD31A3C5D210034DE48</key>
		<dict>
			<key>containerPortal</key>
			<string>C1784A791A3C5BEE0034DE48</string>
			<key>isa</key>
			<string>PBXContainerItemProxy</string>
			<key>proxyType</key>
			<string>1</string>
			<key>remoteGlobalIDString</key>
			<string>C1784AB51A3C5D210034DE48</string>
			<key>remoteInfo</key>
			<string>RedKitt WatchKit Extension</string>
		</dict>
		<key>C1784AD41A3C5D210034DE48</key>
		<dict>
			<key>isa</key>
			<string>PBXTargetDependency</string>
			<key>target</key>
			<string>C1784AB51A3C5D210034DE48</string>
			<key>targetProxy</key>
			<string>C1784AD31A3C5D210034DE48</string>
		</dict>
		<key>C1784AD51A3C5D210034DE48</key>
		<dict>
			<key>fileRef</key>
			<string>C1784AB61A3C5D210034DE48</string>
			<key>isa</key>
			<string>PBXBuildFile</string>
			<key>settings</key>
			<dict>
				<key>ATTRIBUTES</key>
				<array>
					<string>RemoveHeadersOnCopy</string>
				</array>
			</dict>
		</dict>
		<key>C1784AD61A3C5D210034DE48</key>
		<dict>
			<key>buildConfigurations</key>
			<array>
				<string>C1784AD71A3C5D210034DE48</string>
				<string>C1784AD81A3C5D210034DE48</string>
			</array>
			<key>defaultConfigurationIsVisible</key>
			<string>0</string>
			<key>isa</key>
			<string>XCConfigurationList</string>
		</dict>
		<key>C1784AD71A3C5D210034DE48</key>
		<dict>
			<key>buildSettings</key>
			<dict>
				<key>ASSETCATALOG_COMPILER_APPICON_NAME</key>
				<string>AppIcon</string>
				<key>ASSETCATALOG_COMPILER_LAUNCHIMAGE_NAME</key>
				<string>LaunchImage</string>
				<key>GCC_PREPROCESSOR_DEFINITIONS</key>
				<array>
					<string>DEBUG=1</string>
					<string>$(inherited)</string>
				</array>
				<key>IBSC_MODULE</key>
				<string>RedKitt_WatchKit_Extension</string>
				<key>INFOPLIST_FILE</key>
				<string>RedKitt WatchKit App/Info.plist</string>
				<key>PRODUCT_NAME</key>
				<string>$(TARGET_NAME)</string>
				<key>SKIP_INSTALL</key>
				<string>YES</string>
				<key>TARGETED_DEVICE_FAMILY</key>
				<string>4</string>
				<key>TARGETED_DEVICE_FAMILY[sdk=iphonesimulator*]</key>
				<string>1,4</string>
			</dict>
			<key>isa</key>
			<string>XCBuildConfiguration</string>
			<key>name</key>
			<string>Debug</string>
		</dict>
		<key>C1784AD81A3C5D210034DE48</key>
		<dict>
			<key>buildSettings</key>
			<dict>
				<key>ASSETCATALOG_COMPILER_APPICON_NAME</key>
				<string>AppIcon</string>
				<key>ASSETCATALOG_COMPILER_LAUNCHIMAGE_NAME</key>
				<string>LaunchImage</string>
				<key>IBSC_MODULE</key>
				<string>RedKitt_WatchKit_Extension</string>
				<key>INFOPLIST_FILE</key>
				<string>RedKitt WatchKit App/Info.plist</string>
				<key>PRODUCT_NAME</key>
				<string>$(TARGET_NAME)</string>
				<key>SKIP_INSTALL</key>
				<string>YES</string>
				<key>TARGETED_DEVICE_FAMILY</key>
				<string>4</string>
				<key>TARGETED_DEVICE_FAMILY[sdk=iphonesimulator*]</key>
				<string>1,4</string>
			</dict>
			<key>isa</key>
			<string>XCBuildConfiguration</string>
			<key>name</key>
			<string>Release</string>
		</dict>
		<key>C1784AD91A3C5D210034DE48</key>
		<dict>
			<key>buildConfigurations</key>
			<array>
				<string>C1784ADA1A3C5D210034DE48</string>
				<string>C1784ADB1A3C5D210034DE48</string>
			</array>
			<key>defaultConfigurationIsVisible</key>
			<string>0</string>
			<key>isa</key>
			<string>XCConfigurationList</string>
		</dict>
		<key>C1784ADA1A3C5D210034DE48</key>
		<dict>
			<key>buildSettings</key>
			<dict>
				<key>GCC_PREPROCESSOR_DEFINITIONS</key>
				<array>
					<string>DEBUG=1</string>
					<string>$(inherited)</string>
				</array>
				<key>INFOPLIST_FILE</key>
				<string>RedKitt WatchKit Extension/Info.plist</string>
				<key>LD_RUNPATH_SEARCH_PATHS</key>
				<string>$(inherited) @executable_path/Frameworks @executable_path/../../Frameworks</string>
				<key>PRODUCT_NAME</key>
				<string>${TARGET_NAME}</string>
				<key>SKIP_INSTALL</key>
				<string>YES</string>
			</dict>
			<key>isa</key>
			<string>XCBuildConfiguration</string>
			<key>name</key>
			<string>Debug</string>
		</dict>
		<key>C1784ADB1A3C5D210034DE48</key>
		<dict>
			<key>buildSettings</key>
			<dict>
				<key>INFOPLIST_FILE</key>
				<string>RedKitt WatchKit Extension/Info.plist</string>
				<key>LD_RUNPATH_SEARCH_PATHS</key>
				<string>$(inherited) @executable_path/Frameworks @executable_path/../../Frameworks</string>
				<key>PRODUCT_NAME</key>
				<string>${TARGET_NAME}</string>
				<key>SKIP_INSTALL</key>
				<string>YES</string>
			</dict>
			<key>isa</key>
			<string>XCBuildConfiguration</string>
			<key>name</key>
			<string>Release</string>
		</dict>
		<key>C1784ADC1A3C5D210034DE48</key>
		<dict>
			<key>buildActionMask</key>
			<string>2147483647</string>
			<key>dstPath</key>
			<string></string>
			<key>dstSubfolderSpec</key>
			<string>13</string>
			<key>files</key>
			<array>
				<string>C1784AD51A3C5D210034DE48</string>
			</array>
			<key>isa</key>
			<string>PBXCopyFilesBuildPhase</string>
			<key>name</key>
			<string>Embed App Extensions</string>
			<key>runOnlyForDeploymentPostprocessing</key>
			<string>0</string>
		</dict>
		<key>DB058533139D50527F4880A0</key>
		<dict>
			<key>includeInIndex</key>
			<string>1</string>
			<key>isa</key>
			<string>PBXFileReference</string>
			<key>lastKnownFileType</key>
			<string>text.xcconfig</string>
			<key>name</key>
			<string>Pods-RedKittTests.debug.xcconfig</string>
			<key>path</key>
			<string>Pods/Target Support Files/Pods-RedKittTests/Pods-RedKittTests.debug.xcconfig</string>
			<key>sourceTree</key>
			<string>&lt;group&gt;</string>
		</dict>
		<key>EA3CF6892ECAC279909D3948</key>
		<dict>
			<key>children</key>
			<array>
				<string>BBB9A221A2E343D7BBDBD4D1</string>
				<string>A549F2B7018F17AB800F26AC</string>
			</array>
			<key>isa</key>
			<string>PBXGroup</string>
			<key>name</key>
			<string>Frameworks</string>
			<key>sourceTree</key>
			<string>&lt;group&gt;</string>
		</dict>
	</dict>
	<key>rootObject</key>
	<string>C1784A791A3C5BEE0034DE48</string>
</dict>
</plist>
